{
  "nodes": {
    "mkflake": {
      "locked": {
        "lastModified": 1712284878,
        "narHash": "sha256-66dqRuL4kQw9r/xthE7RbTdaszwUZLdjwFwFloeu6NI=",
        "owner": "jonascarpay",
        "repo": "mkflake",
        "rev": "eb1172a9cd34e0a42848e787fb11a673f658c9e2",
        "type": "github"
      },
      "original": {
        "owner": "jonascarpay",
        "repo": "mkflake",
        "type": "github"
      }
    },
    "nixpkgs": {
      "locked": {
        "lastModified": 1781409646,
        "narHash": "sha256-Qv6V770OZU6ifilw33mgwutUCWXcA4pXWonK/tdiG7o=",
        "owner": "NixOS",
        "repo": "nixpkgs",
        "rev": "c9172fa5143fc64dc6a499f75f57def6b7e26794",
        "type": "github"
      },
      "original": {
        "owner": "NixOS",
        "ref": "release-26.05",
        "repo": "nixpkgs",
        "type": "github"
      }
    },
    "nixpkgs_2": {
      "locked": {
        "lastModified": 1744536153,
        "narHash": "sha256-awS2zRgF4uTwrOKwwiJcByDzDOdo3Q1rPZbiHQg/N38=",
        "owner": "NixOS",
        "repo": "nixpkgs",
        "rev": "18dd725c29603f582cf1900e0d25f9f1063dbf11",
        "type": "github"
      },
      "original": {
        "owner": "NixOS",
        "ref": "nixpkgs-unstable",
        "repo": "nixpkgs",
        "type": "github"
      }
    },
    "root": {
      "inputs": {
        "mkflake": "mkflake",
        "nixpkgs": "nixpkgs",
        "rust-overlay": "rust-overlay"
      }
    },
    "rust-overlay": {
      "inputs": {
        "nixpkgs": "nixpkgs_2"
      },
      "locked": {
        "lastModified": 1781407245,
        "narHash": "sha256-VzJq4MmD0uyNDAceudSe1hHqcQMe9Tau0U4S+5iRGh0=",
        "owner": "oxalica",
        "repo": "rust-overlay",
        "rev": "d5f483210eb016d66102eef22baa128b3b3233fc",
        "type": "github"
      },
      "original": {
        "owner": "oxalica",
        "repo": "rust-overlay",
        "type": "github"
      }
    }
  },
  "root": "root",
  "version": 7
}
